github.com/dustin/go-humanize v1.0.1 h1:GzkhY7T5VNhEkwH0PVJgjz+fX1rhBrR7pRT3mDkpeCY=
github.com/dustin/go-humanize v1.0.1/go.mod h1:Mu1zIs6XwVuF/gI1OepvI0qD18qycQx+mFykh5fBlto=
github.com/google/pprof v0.0.0-20250317173921-a4b03ec1a45e h1:ijClszYn+mADRFY17kjQEVQ1XRhq2/JR1M3sGqeJoxs=
github.com/google/pprof v0.0.0-20250317173921-a4b03ec1a45e/go.mod h1:boTsfXsheKC2y+lKOCMpSfarhxDeIzfZG1jqGcPl3cA=
github.com/google/uuid v1.6.0 h1:NIvaJDMOsjHA8n1jAhLSgzrAzy1Hgr+hNrb57e+94F0=
github.com/google/uuid v1.6.0/go.mod h1:TIyPZe4MgqvfeYDBFedMoGGpEw/LqOeaOT+nhxU+yHo=
github.com/hashicorp/golang-lru/v2 v2.0.7 h1:a+bsQ5rvGLjzHuww6tVxozPZFVghXaHOwFs4luLUK2k=
github.com/hashicorp/golang-lru/v2 v2.0.7/go.mod h1:QeFd9opnmA6QUJc5vARoKUSoFhyfM2/ZepoAG6RGpeM=
github.com/jessevdk/go-flags v1.4.0/go.mod h1:4FA24M0QyGHXBuZZK/XkWh8h0e1EYbRYJSGM75WSRxI=
github.com/mattn/go-isatty v0.0.23 h1:cYwCQTQf3HB6xUC+BtyCLZNr7IzbOmoZbmssVNzSyiQ=
github.com/mattn/go-isatty v0.0.23/go.mod h1:nMCL3Zebbrt45jsMDgnfIwz6ydEQApk5oEI3HqDio6A=
github.com/ncruces/go-strftime v1.0.0 h1:HMFp8mLCTPp341M/ZnA4qaf7ZlsbTc+miZjCLOFAw7w=
github.com/ncruces/go-strftime v1.0.0/go.mod h1:Fwc5htZGVVkseilnfgOVb9mKy6w1naJmn9CehxcKcls=
github.com/remyoudompheng/bigfft v0.0.0-20230129092748-24d4a6f8daec h1:W09IVJc94icq4NjY3clb7Lk8O1qJ8BdBEF8z0ibU0rE=
github.com/remyoudompheng/bigfft v0.0.0-20230129092748-24d4a6f8daec/go.mod h1:qqbHyh8v60DhA7CoWK5oRCqLrMHRGoxYCSS9EjAz6Eo=
github.com/smallstep/truststore v0.13.0 h1:90if9htAOblavbMeWlqNLnO9bsjjgVv2hQeQJCi/py4=
github.com/smallstep/truststore v0.13.0/go.mod h1:3tmMp2aLKZ/OA/jnFUB0cYPcho402UG2knuJoPh4j7A=
golang.org/x/crypto v0.53.0 h1:QZ4Muo8THX6CizN2vPPd5fBGHyogrdK9fG4wLPFUsto=
golang.org/x/crypto v0.53.0/go.mod h1:DNLU434OwVakk9PzuwV8w62mAJpRJL3vsgcfp4Qnsio=
golang.org/x/mod v0.38.0 h1:MECBjubtXD7yj4HrhIUcywNaGeNVUdfVnxmPajOk4yk=
golang.org/x/mod v0.38.0/go.mod h1:V6Xz0pq8TQ3dGqVQ1FVHuelZpAL0uNhSkk9ogYP3c40=
golang.org/x/net v0.55.0 h1:bcvxaJn3e1U6InsFWt1JUq1aSjnRxLzT2rtD2KfkDF8=
golang.org/x/net v0.55.0/go.mod h1:L5U2KuzuOe1lY7Z+aWVIKK6qEeJXnXV9yzGA+WCHJww=
golang.org/x/sync v0.22.0 h1:SZjpbeLmrCk4xhRSZFNZW5gFUeCeFgjekvI/+gfScek=
golang.org/x/sync v0.22.0/go.mod h1:9xrNwdLfx4jkKbNva9FpL6vEN7evnE43NNNJQ2LF3+0=
golang.org/x/sys v0.47.0 h1:o7XGOvZQCADBQQ4Y7VNq2dRWQR7JmOUW8Kxx4ZsNgWs=
golang.org/x/sys v0.47.0/go.mod h1:4GL1E5IUh+htKOUEOaiffhrAeqysfVGipDYzABqnCmw=
golang.org/x/text v0.41.0 h1:vz/seA0lnX87Othu2f/0L24RcgrXD9/YFTSuGjj3rH8=
golang.org/x/text v0.41.0/go.mod h1:jvf1O8ajNzZqhSrQBPbutR/EB83Cc0CFrezNQIwbb5M=
golang.org/x/tools v0.48.0 h1:3+hClM1aLL5mjMKm5ovokw9epgRXPuu2tILgismM6RE=
golang.org/x/tools v0.48.0/go.mod h1:08xX0orndb/F7jJxGDicx061tyd5pcMto75YMAXr6lk=
gopkg.in/check.v1 v0.0.0-20161208181325-20d25e280405/go.mod h1:Co6ibVJAznAaIkqp8huTwlJQCZ016jof/cbN4VW5Yz0=
gopkg.in/yaml.v1 v1.0.0-20140924161607-9f9df34309c0/go.mod h1:WDnlLJ4WF5VGsH/HVa3CI79GS0ol3YnhVnKP89i0kNg=
howett.net/plist v1.0.0 h1:7CrbWYbPPO/PyNy38b2EB/+gYbjCe2DXBxgtOOZbSQM=
howett.net/plist v1.0.0/go.mod h1:lqaXoTrLY4hg8tnEzNru53gicrbv7rrk+2xJA/7hw9g=
modernc.org/cc/v4 v4.29.0 h1:CXgwL8cvxmyzBQZzbSl/6xFtMCryb6u8IOqDci39cgc=
modernc.org/cc/v4 v4.29.0/go.mod h1:OnovgIhbbMXMu1aISnJ0wvVD1KnW+cAUJkIrAWh+kVI=
modernc.org/ccgo/v4 v4.34.6 h1:sBgfIwyN0TQ9C5hwIeuqyeAKyMWnbvj2fvpF4L11uzU=
modernc.org/ccgo/v4 v4.34.6/go.mod h1:SZ8YcN9NG7XVsQYdm6jYBvi8PQP1qi+kqB6OhjqI3Fk=
modernc.org/fileutil v1.4.0 h1:j6ZzNTftVS054gi281TyLjHPp6CPHr2KCxEXjEbD6SM=
modernc.org/fileutil v1.4.0/go.mod h1:EqdKFDxiByqxLk8ozOxObDSfcVOv/54xDs/DUHdvCUU=
modernc.org/gc/v2 v2.6.5 h1:nyqdV8q46KvTpZlsw66kWqwXRHdjIlJOhG6kxiV/9xI=
modernc.org/gc/v2 v2.6.5/go.mod h1:YgIahr1ypgfe7chRuJi2gD7DBQiKSLMPgBQe9oIiito=
modernc.org/gc/v3 v3.1.4 h1:2g65LGVSmFQrXeITAw97x7hCRvZFcyE1uDP+7Vng7JI=
modernc.org/gc/v3 v3.1.4/go.mod h1:HFK/6AGESC7Ex+EZJhJ2Gni6cTaYpSMmU/cT9RmlfYY=
modernc.org/goabi0 v0.2.0 h1:HvEowk7LxcPd0eq6mVOAEMai46V+i7Jrj13t4AzuNks=
modernc.org/goabi0 v0.2.0/go.mod h1:CEFRnnJhKvWT1c1JTI3Avm+tgOWbkOu5oPA8eH8LnMI=
modernc.org/libc v1.74.1 h1:bdR4VTKFMC4966QSNZ05XLGI/VwzVa2kTUX51Dm0riQ=
modernc.org/libc v1.74.1/go.mod h1:uH4t5bOx3G3g9Xcmj10YKlTcVISlRDwv8VoQJG9n8Os=
modernc.org/mathutil v1.7.1 h1:GCZVGXdaN8gTqB1Mf/usp1Y/hSqgI2vAGGP4jZMCxOU=
modernc.org/mathutil v1.7.1/go.mod h1:4p5IwJITfppl0G4sUEDtCr4DthTaT47/N3aT6MhfgJg=
modernc.org/memory v1.11.0 h1:o4QC8aMQzmcwCK3t3Ux/ZHmwFPzE6hf2Y5LbkRs+hbI=
modernc.org/memory v1.11.0/go.mod h1:/JP4VbVC+K5sU2wZi9bHoq2MAkCnrt2r98UGeSK7Mjw=
modernc.org/opt v0.2.0 h1:tGyef5ApycA7FSEOMraay9SaTk5zmbx7Tu+cJs4QKZg=
modernc.org/opt v0.2.0/go.mod h1:03fq9lsNfvkYSfxrfUhZCWPk1lm4cq4N+Bh//bEtgns=
modernc.org/sortutil v1.2.1 h1:+xyoGf15mM3NMlPDnFqrteY07klSFxLElE2PVuWIJ7w=
modernc.org/sortutil v1.2.1/go.mod h1:7ZI3a3REbai7gzCLcotuw9AC4VZVpYMjDzETGsSMqJE=
modernc.org/sqlite v1.54.0 h1:JCxR4qwkJvOaqAoYcgDoO25Nc+ROg6EJ2LfBVzdrgog=
modernc.org/sqlite v1.54.0/go.mod h1:4ntCLuNmnH8+GNqjka1wNg7KJd5/Hi5FYp8K+XQ7GZw=
modernc.org/strutil v1.2.1 h1:UneZBkQA+DX2Rp35KcM69cSsNES9ly8mQWD71HKlOA0=
modernc.org/strutil v1.2.1/go.mod h1:EHkiggD70koQxjVdSBM3JKM7k6L0FbGE5eymy9i3B9A=
modernc.org/token v1.1.0 h1:Xl7Ap9dKaEs5kLoOQeQmPWevfnk/DM5qcLcYlA8ys6Y=
modernc.org/token v1.1.0/go.mod h1:UGzOrNV1mAFSEB63lOFHIpNRUVMvYTc6yu1SMY/XTDM=
webtyp.com/await v0.1.1 h1:FL8SEwiPH+Fnbrn+c2hxFp9mzO8r63PN73xBgxH64tI=
webtyp.com/await v0.1.1/go.mod h1:BR7plUmeCOeOvQULgc+99NwSAgWeA+AHADzJsRyTHrg=
webtyp.com/base64 v0.0.6 h1:Tkr9Y/s3RLa6yuatk5Tdwdc90NhDP6pNYO1HQG9iIHM=
webtyp.com/base64 v0.0.6/go.mod h1:wH2ocJ0rKbTo34XLsDryH9STDu0Jm2gQXasjh5wDwEw=
webtyp.com/cloudflare v0.0.18 h1:3uXcfmXfmN+QlBrN4umAol8lypsPrMPSgT/L4/rJVG0=
webtyp.com/cloudflare v0.0.18/go.mod h1:dYmGNJvfVKmTgZ/tEsU0SxH08E1N9om9WtBWPwlQJLs=
webtyp.com/color v0.1.2 h1:PN2vx9jtlwFsu2juQoaj0GEJMY/ex3fQDcop20V8+ik=
webtyp.com/color v0.1.2/go.mod h1:p5n4e0KRiPavkkQajtQKoMAU7C+1yx86AZlzMWTJhC8=
webtyp.com/context v0.0.23 h1:T+lH+UteRAPD6gLH8oxW0TBr5aZlJwgfIpmnA4DdFSY=
webtyp.com/context v0.0.23/go.mod h1:SXtpX0NmsG9zoL9B2uYVPy0ZfmXl0C1zyjQkYmuz38Q=
webtyp.com/css v0.4.21 h1:/XV3iNm0wsbnz7/W8aoxf8chOoZxvFvUYCpgPnxqDZM=
webtyp.com/css v0.4.21/go.mod h1:qbi0OpxKohFtrEzMCFmcM8w1LaLGSd+Nlw+LzLSNZhU=
webtyp.com/dbus v0.1.1 h1:JWHoXKwpMIDtPunf3Wfvx+BBEZROCw7Izmg74CXv7cg=
webtyp.com/dbus v0.1.1/go.mod h1:3eqxlJCF9tMB7q3c9mI2bd4oLjGwuI3cuysRWiwStvo=
webtyp.com/ddl v0.0.15 h1:8E1M8W09sG+kILT+cvMThAU+/ZO7rqTd7Fd1v3YYmB0=
webtyp.com/ddl v0.0.15/go.mod h1:X5q0n8KY1iw+QkpyLPFZk11b665TUVdpQTd0IpQFbVk=
webtyp.com/dom v0.13.11 h1:gAfgHSuDil00Oo9EY81YjM3u2Vp2NdujNznTY7j+F24=
webtyp.com/dom v0.13.11/go.mod h1:p7Vl/6A0VR3GU+NHR4Ggn0oTnRRBPUZ9+RziR5tDB4Q=
webtyp.com/env v0.0.10 h1:x5+RIZ0ZXv9JvYIbYSK777npWc4gtLPdDp4xrLa64bs=
webtyp.com/env v0.0.10/go.mod h1:RSlhNCen0oqHBiYnhv+zFDPiVc2DAAHnp16EQT/QDkU=
webtyp.com/fetch v0.1.28 h1:Tb8NUBp/5tLWI22U0lg/YPrR1hJtR05a8VUC5UrXyns=
webtyp.com/fetch v0.1.28/go.mod h1:ZX35mkKiyfjnJE9Ix9N+IT1ebFRTLm2fKbU0+eZ2XlA=
webtyp.com/filetype v0.0.6 h1:3M+j4L1KKumAeNV1nK5vmTYWnyZWf/Cb4Er1ZY2nbio=
webtyp.com/filetype v0.0.6/go.mod h1:5UaiLwPFpO3fYOQOFNsW80cgGk8pA/+wFBw6FLfN0lE=
webtyp.com/fmt v1.0.0 h1:W0vMMGC6ezg1q2LarAEaVnNvZ26hVqzZdQQH1wcNogM=
webtyp.com/fmt v1.0.0/go.mod h1:FmTxx713R45J21kbH5JOmKGaaCap3fJPA9Yl2n4Ch7U=
webtyp.com/font v0.0.5 h1:EqjnVf8PPdRo4e+dRBBv+HaUqi0IeZjjNwsKexfqyIk=
webtyp.com/font v0.0.5/go.mod h1:N/3YKN5z5qlVGVFM7Rdc4iOG2Yba+EOru/bzKJARaCM=
webtyp.com/form v0.4.7 h1:kl94EoeBQG57/GMVHOuLPHkWVRtPaGxMKrTRTr0jE0Q=
webtyp.com/form v0.4.7/go.mod h1:LIeoB3U4va8pmZDpDG9d2rQBqG6QL/+nUiBgz16j/1c=
webtyp.com/goflare v0.5.32 h1:SAasACVq71I/fGo5tAU/N67/PHRy7md6fGsqAzZjXwE=
webtyp.com/goflare v0.5.32/go.mod h1:FVXmV/F34KCuDG3I9z2FTpIfgDBgWRI+a/24/P/TUqY=
webtyp.com/html v0.0.21 h1:Xjr7pBsQCPPOiPzQ+omJ9Ckkoy4tNlAtg7OJLpqNlSA=
webtyp.com/html v0.0.21/go.mod h1:ceM8y4PsgRyunzVLQpqA08qzbw6MoP40JzsacNIbamg=
webtyp.com/input v0.0.6 h1:0zxdBrumT0+uXojDiKm1BMAqwS0mukpxotE/tBYQVYw=
webtyp.com/input v0.0.6/go.mod h1:p4fCMgFPonW2tyzb7XSlezjm46vgZPZoETQjZxfUrY0=
webtyp.com/js v0.0.10 h1:7IPqar0tr63SwR9rm3mPGQiX0YnB7BfnS62gvlZYOlk=
webtyp.com/js v0.0.10/go.mod h1:s6MCdLDiERBflwmjQDp66+r1fCR5IeNdba/Q5TVKX/0=
webtyp.com/json v0.5.25 h1:f/JUsrtFGq4Sa/UGYI0lWHyY83V+r0li+Q89s3DkqZs=
webtyp.com/json v0.5.25/go.mod h1:KdFRztDe6ZwGP/ih0DR8grO72ru9h1DjZcG1UU5fRrM=
webtyp.com/jsvalue v0.1.4 h1:5tWksWqG8b+2Eb3eFRc+SDQeJyhRGa9JeL1lsVKiMWY=
webtyp.com/jsvalue v0.1.4/go.mod h1:EJoDZDzmk8LV58cTvufoUYQ6E7H9xMG+LRn0q69GFtQ=
webtyp.com/keyring v0.2.4 h1:h9hFsGd1Q6UGL8yJr4/m74+gwys9LwahqcP9njbS/xQ=
webtyp.com/keyring v0.2.4/go.mod h1:+jm7vYeo5N2jyURROgbREIYAuHPZoJmuEnP0piEbRF0=
webtyp.com/model v0.1.8 h1:E8btSBmISbH1UHEUEmbrxCRWcX8zv08VvdRgWSAq894=
webtyp.com/model v0.1.8/go.mod h1:OkyYeE3GOG8eAQGhd9wVsORAhr+xYj3q8avpoGXG25c=
webtyp.com/orm v0.12.1 h1:p+MCEg6NOexDh9aNBaBmb94dUtJlxyQ4CssXcvDgkFk=
webtyp.com/orm v0.12.1/go.mod h1:mqDLgyTZC8iPY6VXDivWiRKPt2Gg2rgCn9noyUUT5JQ=
webtyp.com/router v0.1.35 h1:6FYeWopnvHcjwa1Ve7ZW4wyGcClaThyJWM1WUp7EqyU=
webtyp.com/router v0.1.35/go.mod h1:kLFuWaeLtgZhRbfhzn+KRQuuLGa3OMVZbG4+hB3gAsI=
webtyp.com/server v0.2.51 h1:vb6b4ORJfvSrmprUh2n8O2Mpcy8f6r0x3DUGpZsREog=
webtyp.com/server v0.2.51/go.mod h1:2RNXcfYmD1c5onzDfQlXkiKTLjBrFcoeZBQMUJOkVFI=
webtyp.com/sqlite v0.3.5 h1:duNeBpw2EnstqX/vIewDdr3BwMTJ287dMEh7wDxIfCo=
webtyp.com/sqlite v0.3.5/go.mod h1:h+5inK+MKzNL/RBhtNyWU4K0z6Yf2HyH+BqC3dlLi3k=
webtyp.com/sqlt v0.0.10 h1:pC4d3n0nMtKFYNSBrCNLaBvA15vmpwN0p0x/2y90Oyo=
webtyp.com/sqlt v0.0.10/go.mod h1:CyCiFNaB1n1uhacwIm7eQc0k9ppx5rnKXFkI9GJsFTI=
webtyp.com/storage v0.0.7 h1:L9zRLTdj/vzBvEefedRi8vFpllegY+GpdcbA/zKbTZE=
webtyp.com/storage v0.0.7/go.mod h1:CjNQUZR19Rczs5G8BO886jYKWf5LBNyJKVK7oostqpQ=
webtyp.com/time v0.5.5 h1:G7/eAGXJWVHBJqx7lO4K/Zy1FzNXqkW9X6AAhbTmj6E=
webtyp.com/time v0.5.5/go.mod h1:V6ew493Rk+an2mV77vVjytPAbtlsELVZ4O4wGqu4tUI=
webtyp.com/unixid v0.2.28 h1:uIZb9zRLQtR4BOsBtJfyI2OcYklCeo1nrRaGqzVXQ9s=
webtyp.com/unixid v0.2.28/go.mod h1:/3O8fu/eCARIrnT6WMu9MpLsAXKdfnVI3s35+m/CbY4=
webtyp.com/webauthn v0.1.3 h1:u++sm66yMnPGgg+snhONyGITyA+5wpytwX4l8+dzq1E=
webtyp.com/webauthn v0.1.3/go.mod h1:afaloi6/LOb23qy6dqqLzzsuOZgSd+6D3q8TGL53ALw=
webtyp.com/widget v0.6.24 h1:af6ZhqQHPpiVW4tjUCmjmme8QO+ziOu2kT3WhI0ZxMg=
webtyp.com/widget v0.6.24/go.mod h1:JLWQbjib77cOUmeNhyUJTxec6A4tJRqauzDJM0rki6A=
